
Microsoft Visual Studio Solution File, Format Version 12.00
# Visual Studio 15
Project("{FAE04EC0-301F-11D3-BF4B-00C04F79EFBC}") = "Unity.Timeline", "Unity.Timeline.csproj", "{23F065EE-E826-EA24-90A5-1A2B13C27BFC}"
EndProject
Project("{FAE04EC0-301F-11D3-BF4B-00C04F79EFBC}") = "Unity.Timeline.Editor", "Unity.Timeline.Editor.csproj", "{6151FB57-FD90-8040-5F95-76ECAC36D9EB}"
EndProject
Project("{FAE04EC0-301F-11D3-BF4B-00C04F79EFBC}") = "Unity.TextMeshPro.Editor", "Unity.TextMeshPro.Editor.csproj", "{DB3A9F5E-55FD-36AB-C8C3-82A505A76DA8}"
EndProject
Project("{FAE04EC0-301F-11D3-BF4B-00C04F79EFBC}") = "Unity.VisualScripting.Flow", "Unity.VisualScripting.Flow.csproj", "{4CD3AEA9-CFE1-01B6-F1BF-2D6417A9D362}"
EndProject
Project("{FAE04EC0-301F-11D3-BF4B-00C04F79EFBC}") = "Unity.PlasticSCM.Editor", "Unity.PlasticSCM.Editor.csproj", "{5D847E14-DE0E-8A54-B174-2B765B9FD6D7}"
EndProject
Project("{FAE04EC0-301F-11D3-BF4B-00C04F79EFBC}") = "Unity.InputSystem", "Unity.InputSystem.csproj", "{FAFE9032-AE63-CF8C-BFA9-181F9851CD3D}"
EndProject
Project("{FAE04EC0-301F-11D3-BF4B-00C04F79EFBC}") = "Unity.VisualScripting.Core", "Unity.VisualScripting.Core.csproj", "{68D71403-9660-3A97-C992-70F6D123302D}"
EndProject
Project("{FAE04EC0-301F-11D3-BF4B-00C04F79EFBC}") = "Unity.VisualScripting.Core.Editor", "Unity.VisualScripting.Core.Editor.csproj", "{C40DEEA2-1C9F-7560-4777-765450744026}"
EndProject
Project("{FAE04EC0-301F-11D3-BF4B-00C04F79EFBC}") = "Unity.VisualScripting.Flow.Editor", "Unity.VisualScripting.Flow.Editor.csproj", "{0ABA3FEF-89EE-E6E1-69C5-AD8ED978C746}"
EndProject
Project("{FAE04EC0-301F-11D3-BF4B-00C04F79EFBC}") = "UnityEditor.TestRunner", "UnityEditor.TestRunner.csproj", "{7079189F-6EC4-540F-70C9-AB2DFFB26F3D}"
EndProject
Project("{FAE04EC0-301F-11D3-BF4B-00C04F79EFBC}") = "Unity.VisualScripting.SettingsProvider.Editor", "Unity.VisualScripting.SettingsProvider.Editor.csproj", "{1A35CECC-8FAD-3AE4-E3BE-79F3B729B9D5}"
EndProject
Project("{FAE04EC0-301F-11D3-BF4B-00C04F79EFBC}") = "UnityEngine.TestRunner", "UnityEngine.TestRunner.csproj", "{DB43B2E0-1B55-BE26-F52A-2FAD232DB2B9}"
EndProject
Project("{FAE04EC0-301F-11D3-BF4B-00C04F79EFBC}") = "Unity.VisualStudio.Editor", "Unity.VisualStudio.Editor.csproj", "{54C26224-6141-9C09-69CC-56D289A36C36}"
EndProject
Project("{FAE04EC0-301F-11D3-BF4B-00C04F79EFBC}") = "Unity.TestTools.CodeCoverage.Editor.OpenCover.Model", "Unity.TestTools.CodeCoverage.Editor.OpenCover.Model.csproj", "{7CD36A73-F5E6-BBC2-2EEB-E21496F38F0D}"
EndProject
Project("{FAE04EC0-301F-11D3-BF4B-00C04F79EFBC}") = "Unity.Rider.Editor", "Unity.Rider.Editor.csproj", "{0A380861-35F5-5693-C0C8-FA571C8BCB6C}"
EndProject
Project("{FAE04EC0-301F-11D3-BF4B-00C04F79EFBC}") = "Unity.VisualScripting.State.Editor", "Unity.VisualScripting.State.Editor.csproj", "{D2EEAFCA-F1B6-DBC0-167C-92534F6380C2}"
EndProject
Project("{FAE04EC0-301F-11D3-BF4B-00C04F79EFBC}") = "Unity.TestTools.CodeCoverage.Editor", "Unity.TestTools.CodeCoverage.Editor.csproj", "{2CD77CDC-6A2A-883E-3D80-71CC46DD59F2}"
EndProject
Project("{FAE04EC0-301F-11D3-BF4B-00C04F79EFBC}") = "Unity.VisualScripting.State", "Unity.VisualScripting.State.csproj", "{A25B2A9D-D9C7-7D35-156E-623789070B10}"
EndProject
Project("{FAE04EC0-301F-11D3-BF4B-00C04F79EFBC}") = "Unity.TextMeshPro", "Unity.TextMeshPro.csproj", "{E6EDC2CB-F219-0034-8F31-A7A1E395E34A}"
EndProject
Project("{FAE04EC0-301F-11D3-BF4B-00C04F79EFBC}") = "Assembly-CSharp", "Assembly-CSharp.csproj", "{26A3633B-AA68-9998-7386-AAE7D21286B4}"
EndProject
Project("{FAE04EC0-301F-11D3-BF4B-00C04F79EFBC}") = "Unity.Performance.Profile-Analyzer.Editor", "Unity.Performance.Profile-Analyzer.Editor.csproj", "{62ACA1D1-698A-DBAD-E5E8-7C23C02F34EB}"
EndProject
Project("{FAE04EC0-301F-11D3-BF4B-00C04F79EFBC}") = "Unity.VSCode.Editor", "Unity.VSCode.Editor.csproj", "{44AA362F-B78D-E8E0-609D-1B3F518C8FAF}"
EndProject
Project("{FAE04EC0-301F-11D3-BF4B-00C04F79EFBC}") = "Unity.TestTools.CodeCoverage.Editor.OpenCover.Mono.Reflection", "Unity.TestTools.CodeCoverage.Editor.OpenCover.Mono.Reflection.csproj", "{7E5C6767-7D3F-85EB-7149-E2A1FCC8B635}"
EndProject
Project("{FAE04EC0-301F-11D3-BF4B-00C04F79EFBC}") = "Unity.Settings.Editor", "Unity.Settings.Editor.csproj", "{37E4111E-BCF4-02D7-4D8C-60BAE71A7D8A}"
EndProject
Project("{FAE04EC0-301F-11D3-BF4B-00C04F79EFBC}") = "Unity.InputSystem.ForUI", "Unity.InputSystem.ForUI.csproj", "{33336EED-C592-4F7E-DC04-3D12D2DD2F30}"
EndProject
Project("{FAE04EC0-301F-11D3-BF4B-00C04F79EFBC}") = "Unity.EditorCoroutines.Editor", "Unity.EditorCoroutines.Editor.csproj", "{AC914A46-1A77-E188-9C07-BFD85B24F5CA}"
EndProject
Project("{FAE04EC0-301F-11D3-BF4B-00C04F79EFBC}") = "Unity.InputSystem.TestFramework", "Unity.InputSystem.TestFramework.csproj", "{6BE9EBD2-958C-220A-AC7E-4AB9CBFE198C}"
EndProject
Project("{FAE04EC0-301F-11D3-BF4B-00C04F79EFBC}") = "Unity.VisualScripting.Shared.Editor", "Unity.VisualScripting.Shared.Editor.csproj", "{1B52F939-A15A-53C0-477C-11CFF4BE1F98}"
EndProject
Project("{FAE04EC0-301F-11D3-BF4B-00C04F79EFBC}") = "Unity.CollabProxy.Editor", "Unity.CollabProxy.Editor.csproj", "{9554EC08-2334-A5EE-6683-6CD736943122}"
EndProject
Global
	GlobalSection(SolutionConfigurationPlatforms) = preSolution
		Debug|Any CPU = Debug|Any CPU
		Release|Any CPU = Release|Any CPU
	EndGlobalSection
	GlobalSection(ProjectConfigurationPlatforms) = postSolution
		{23F065EE-E826-EA24-90A5-1A2B13C27BFC}.Debug|Any CPU.ActiveCfg = Debug|Any CPU
		{23F065EE-E826-EA24-90A5-1A2B13C27BFC}.Debug|Any CPU.Build.0 = Debug|Any CPU
		{23F065EE-E826-EA24-90A5-1A2B13C27BFC}.Release|Any CPU.ActiveCfg = Release|Any CPU
		{23F065EE-E826-EA24-90A5-1A2B13C27BFC}.Release|Any CPU.Build.0 = Release|Any CPU
		{6151FB57-FD90-8040-5F95-76ECAC36D9EB}.Debug|Any CPU.ActiveCfg = Debug|Any CPU
		{6151FB57-FD90-8040-5F95-76ECAC36D9EB}.Debug|Any CPU.Build.0 = Debug|Any CPU
		{6151FB57-FD90-8040-5F95-76ECAC36D9EB}.Release|Any CPU.ActiveCfg = Release|Any CPU
		{6151FB57-FD90-8040-5F95-76ECAC36D9EB}.Release|Any CPU.Build.0 = Release|Any CPU
		{DB3A9F5E-55FD-36AB-C8C3-82A505A76DA8}.Debug|Any CPU.ActiveCfg = Debug|Any CPU
		{DB3A9F5E-55FD-36AB-C8C3-82A505A76DA8}.Debug|Any CPU.Build.0 = Debug|Any CPU
		{DB3A9F5E-55FD-36AB-C8C3-82A505A76DA8}.Release|Any CPU.ActiveCfg = Release|Any CPU
		{DB3A9F5E-55FD-36AB-C8C3-82A505A76DA8}.Release|Any CPU.Build.0 = Release|Any CPU
		{4CD3AEA9-CFE1-01B6-F1BF-2D6417A9D362}.Debug|Any CPU.ActiveCfg = Debug|Any CPU
		{4CD3AEA9-CFE1-01B6-F1BF-2D6417A9D362}.Debug|Any CPU.Build.0 = Debug|Any CPU
		{4CD3AEA9-CFE1-01B6-F1BF-2D6417A9D362}.Release|Any CPU.ActiveCfg = Release|Any CPU
		{4CD3AEA9-CFE1-01B6-F1BF-2D6417A9D362}.Release|Any CPU.Build.0 = Release|Any CPU
		{5D847E14-DE0E-8A54-B174-2B765B9FD6D7}.Debug|Any CPU.ActiveCfg = Debug|Any CPU
		{5D847E14-DE0E-8A54-B174-2B765B9FD6D7}.Debug|Any CPU.Build.0 = Debug|Any CPU
		{5D847E14-DE0E-8A54-B174-2B765B9FD6D7}.Release|Any CPU.ActiveCfg = Release|Any CPU
		{5D847E14-DE0E-8A54-B174-2B765B9FD6D7}.Release|Any CPU.Build.0 = Release|Any CPU
		{FAFE9032-AE63-CF8C-BFA9-181F9851CD3D}.Debug|Any CPU.ActiveCfg = Debug|Any CPU
		{FAFE9032-AE63-CF8C-BFA9-181F9851CD3D}.Debug|Any CPU.Build.0 = Debug|Any CPU
		{FAFE9032-AE63-CF8C-BFA9-181F9851CD3D}.Release|Any CPU.ActiveCfg = Release|Any CPU
		{FAFE9032-AE63-CF8C-BFA9-181F9851CD3D}.Release|Any CPU.Build.0 = Release|Any CPU
		{68D71403-9660-3A97-C992-70F6D123302D}.Debug|Any CPU.ActiveCfg = Debug|Any CPU
		{68D71403-9660-3A97-C992-70F6D123302D}.Debug|Any CPU.Build.0 = Debug|Any CPU
		{68D71403-9660-3A97-C992-70F6D123302D}.Release|Any CPU.ActiveCfg = Release|Any CPU
		{68D71403-9660-3A97-C992-70F6D123302D}.Release|Any CPU.Build.0 = Release|Any CPU
		{C40DEEA2-1C9F-7560-4777-765450744026}.Debug|Any CPU.ActiveCfg = Debug|Any CPU
		{C40DEEA2-1C9F-7560-4777-765450744026}.Debug|Any CPU.Build.0 = Debug|Any CPU
		{C40DEEA2-1C9F-7560-4777-765450744026}.Release|Any CPU.ActiveCfg = Release|Any CPU
		{C40DEEA2-1C9F-7560-4777-765450744026}.Release|Any CPU.Build.0 = Release|Any CPU
		{0ABA3FEF-89EE-E6E1-69C5-AD8ED978C746}.Debug|Any CPU.ActiveCfg = Debug|Any CPU
		{0ABA3FEF-89EE-E6E1-69C5-AD8ED978C746}.Debug|Any CPU.Build.0 = Debug|Any CPU
		{0ABA3FEF-89EE-E6E1-69C5-AD8ED978C746}.Release|Any CPU.ActiveCfg = Release|Any CPU
		{0ABA3FEF-89EE-E6E1-69C5-AD8ED978C746}.Release|Any CPU.Build.0 = Release|Any CPU
		{7079189F-6EC4-540F-70C9-AB2DFFB26F3D}.Debug|Any CPU.ActiveCfg = Debug|Any CPU
		{7079189F-6EC4-540F-70C9-AB2DFFB26F3D}.Debug|Any CPU.Build.0 = Debug|Any CPU
		{7079189F-6EC4-540F-70C9-AB2DFFB26F3D}.Release|Any CPU.ActiveCfg = Release|Any CPU
		{7079189F-6EC4-540F-70C9-AB2DFFB26F3D}.Release|Any CPU.Build.0 = Release|Any CPU
		{1A35CECC-8FAD-3AE4-E3BE-79F3B729B9D5}.Debug|Any CPU.ActiveCfg = Debug|Any CPU
		{1A35CECC-8FAD-3AE4-E3BE-79F3B729B9D5}.Debug|Any CPU.Build.0 = Debug|Any CPU
		{1A35CECC-8FAD-3AE4-E3BE-79F3B729B9D5}.Release|Any CPU.ActiveCfg = Release|Any CPU
		{1A35CECC-8FAD-3AE4-E3BE-79F3B729B9D5}.Release|Any CPU.Build.0 = Release|Any CPU
		{DB43B2E0-1B55-BE26-F52A-2FAD232DB2B9}.Debug|Any CPU.ActiveCfg = Debug|Any CPU
		{DB43B2E0-1B55-BE26-F52A-2FAD232DB2B9}.Debug|Any CPU.Build.0 = Debug|Any CPU
		{DB43B2E0-1B55-BE26-F52A-2FAD232DB2B9}.Release|Any CPU.ActiveCfg = Release|Any CPU
		{DB43B2E0-1B55-BE26-F52A-2FAD232DB2B9}.Release|Any CPU.Build.0 = Release|Any CPU
		{54C26224-6141-9C09-69CC-56D289A36C36}.Debug|Any CPU.ActiveCfg = Debug|Any CPU
		{54C26224-6141-9C09-69CC-56D289A36C36}.Debug|Any CPU.Build.0 = Debug|Any CPU
		{54C26224-6141-9C09-69CC-56D289A36C36}.Release|Any CPU.ActiveCfg = Release|Any CPU
		{54C26224-6141-9C09-69CC-56D289A36C36}.Release|Any CPU.Build.0 = Release|Any CPU
		{7CD36A73-F5E6-BBC2-2EEB-E21496F38F0D}.Debug|Any CPU.ActiveCfg = Debug|Any CPU
		{7CD36A73-F5E6-BBC2-2EEB-E21496F38F0D}.Debug|Any CPU.Build.0 = Debug|Any CPU
		{7CD36A73-F5E6-BBC2-2EEB-E21496F38F0D}.Release|Any CPU.ActiveCfg = Release|Any CPU
		{7CD36A73-F5E6-BBC2-2EEB-E21496F38F0D}.Release|Any CPU.Build.0 = Release|Any CPU
		{0A380861-35F5-5693-C0C8-FA571C8BCB6C}.Debug|Any CPU.ActiveCfg = Debug|Any CPU
		{0A380861-35F5-5693-C0C8-FA571C8BCB6C}.Debug|Any CPU.Build.0 = Debug|Any CPU
		{0A380861-35F5-5693-C0C8-FA571C8BCB6C}.Release|Any CPU.ActiveCfg = Release|Any CPU
		{0A380861-35F5-5693-C0C8-FA571C8BCB6C}.Release|Any CPU.Build.0 = Release|Any CPU
		{D2EEAFCA-F1B6-DBC0-167C-92534F6380C2}.Debug|Any CPU.ActiveCfg = Debug|Any CPU
		{D2EEAFCA-F1B6-DBC0-167C-92534F6380C2}.Debug|Any CPU.Build.0 = Debug|Any CPU
		{D2EEAFCA-F1B6-DBC0-167C-92534F6380C2}.Release|Any CPU.ActiveCfg = Release|Any CPU
		{D2EEAFCA-F1B6-DBC0-167C-92534F6380C2}.Release|Any CPU.Build.0 = Release|Any CPU
		{2CD77CDC-6A2A-883E-3D80-71CC46DD59F2}.Debug|Any CPU.ActiveCfg = Debug|Any CPU
		{2CD77CDC-6A2A-883E-3D80-71CC46DD59F2}.Debug|Any CPU.Build.0 = Debug|Any CPU
		{2CD77CDC-6A2A-883E-3D80-71CC46DD59F2}.Release|Any CPU.ActiveCfg = Release|Any CPU
		{2CD77CDC-6A2A-883E-3D80-71CC46DD59F2}.Release|Any CPU.Build.0 = Release|Any CPU
		{A25B2A9D-D9C7-7D35-156E-623789070B10}.Debug|Any CPU.ActiveCfg = Debug|Any CPU
		{A25B2A9D-D9C7-7D35-156E-623789070B10}.Debug|Any CPU.Build.0 = Debug|Any CPU
		{A25B2A9D-D9C7-7D35-156E-623789070B10}.Release|Any CPU.ActiveCfg = Release|Any CPU
		{A25B2A9D-D9C7-7D35-156E-623789070B10}.Release|Any CPU.Build.0 = Release|Any CPU
		{E6EDC2CB-F219-0034-8F31-A7A1E395E34A}.Debug|Any CPU.ActiveCfg = Debug|Any CPU
		{E6EDC2CB-F219-0034-8F31-A7A1E395E34A}.Debug|Any CPU.Build.0 = Debug|Any CPU
		{E6EDC2CB-F219-0034-8F31-A7A1E395E34A}.Release|Any CPU.ActiveCfg = Release|Any CPU
		{E6EDC2CB-F219-0034-8F31-A7A1E395E34A}.Release|Any CPU.Build.0 = Release|Any CPU
		{26A3633B-AA68-9998-7386-AAE7D21286B4}.Debug|Any CPU.ActiveCfg = Debug|Any CPU
		{26A3633B-AA68-9998-7386-AAE7D21286B4}.Debug|Any CPU.Build.0 = Debug|Any CPU
		{26A3633B-AA68-9998-7386-AAE7D21286B4}.Release|Any CPU.ActiveCfg = Release|Any CPU
		{26A3633B-AA68-9998-7386-AAE7D21286B4}.Release|Any CPU.Build.0 = Release|Any CPU
		{62ACA1D1-698A-DBAD-E5E8-7C23C02F34EB}.Debug|Any CPU.ActiveCfg = Debug|Any CPU
		{62ACA1D1-698A-DBAD-E5E8-7C23C02F34EB}.Debug|Any CPU.Build.0 = Debug|Any CPU
		{62ACA1D1-698A-DBAD-E5E8-7C23C02F34EB}.Release|Any CPU.ActiveCfg = Release|Any CPU
		{62ACA1D1-698A-DBAD-E5E8-7C23C02F34EB}.Release|Any CPU.Build.0 = Release|Any CPU
		{44AA362F-B78D-E8E0-609D-1B3F518C8FAF}.Debug|Any CPU.ActiveCfg = Debug|Any CPU
		{44AA362F-B78D-E8E0-609D-1B3F518C8FAF}.Debug|Any CPU.Build.0 = Debug|Any CPU
		{44AA362F-B78D-E8E0-609D-1B3F518C8FAF}.Release|Any CPU.ActiveCfg = Release|Any CPU
		{44AA362F-B78D-E8E0-609D-1B3F518C8FAF}.Release|Any CPU.Build.0 = Release|Any CPU
		{7E5C6767-7D3F-85EB-7149-E2A1FCC8B635}.Debug|Any CPU.ActiveCfg = Debug|Any CPU
		{7E5C6767-7D3F-85EB-7149-E2A1FCC8B635}.Debug|Any CPU.Build.0 = Debug|Any CPU
		{7E5C6767-7D3F-85EB-7149-E2A1FCC8B635}.Release|Any CPU.ActiveCfg = Release|Any CPU
		{7E5C6767-7D3F-85EB-7149-E2A1FCC8B635}.Release|Any CPU.Build.0 = Release|Any CPU
		{37E4111E-BCF4-02D7-4D8C-60BAE71A7D8A}.Debug|Any CPU.ActiveCfg = Debug|Any CPU
		{37E4111E-BCF4-02D7-4D8C-60BAE71A7D8A}.Debug|Any CPU.Build.0 = Debug|Any CPU
		{37E4111E-BCF4-02D7-4D8C-60BAE71A7D8A}.Release|Any CPU.ActiveCfg = Release|Any CPU
		{37E4111E-BCF4-02D7-4D8C-60BAE71A7D8A}.Release|Any CPU.Build.0 = Release|Any CPU
		{33336EED-C592-4F7E-DC04-3D12D2DD2F30}.Debug|Any CPU.ActiveCfg = Debug|Any CPU
		{33336EED-C592-4F7E-DC04-3D12D2DD2F30}.Debug|Any CPU.Build.0 = Debug|Any CPU
		{33336EED-C592-4F7E-DC04-3D12D2DD2F30}.Release|Any CPU.ActiveCfg = Release|Any CPU
		{33336EED-C592-4F7E-DC04-3D12D2DD2F30}.Release|Any CPU.Build.0 = Release|Any CPU
		{AC914A46-1A77-E188-9C07-BFD85B24F5CA}.Debug|Any CPU.ActiveCfg = Debug|Any CPU
		{AC914A46-1A77-E188-9C07-BFD85B24F5CA}.Debug|Any CPU.Build.0 = Debug|Any CPU
		{AC914A46-1A77-E188-9C07-BFD85B24F5CA}.Release|Any CPU.ActiveCfg = Release|Any CPU
		{AC914A46-1A77-E188-9C07-BFD85B24F5CA}.Release|Any CPU.Build.0 = Release|Any CPU
		{6BE9EBD2-958C-220A-AC7E-4AB9CBFE198C}.Debug|Any CPU.ActiveCfg = Debug|Any CPU
		{6BE9EBD2-958C-220A-AC7E-4AB9CBFE198C}.Debug|Any CPU.Build.0 = Debug|Any CPU
		{6BE9EBD2-958C-220A-AC7E-4AB9CBFE198C}.Release|Any CPU.ActiveCfg = Release|Any CPU
		{6BE9EBD2-958C-220A-AC7E-4AB9CBFE198C}.Release|Any CPU.Build.0 = Release|Any CPU
		{1B52F939-A15A-53C0-477C-11CFF4BE1F98}.Debug|Any CPU.ActiveCfg = Debug|Any CPU
		{1B52F939-A15A-53C0-477C-11CFF4BE1F98}.Debug|Any CPU.Build.0 = Debug|Any CPU
		{1B52F939-A15A-53C0-477C-11CFF4BE1F98}.Release|Any CPU.ActiveCfg = Release|Any CPU
		{1B52F939-A15A-53C0-477C-11CFF4BE1F98}.Release|Any CPU.Build.0 = Release|Any CPU
		{9554EC08-2334-A5EE-6683-6CD736943122}.Debug|Any CPU.ActiveCfg = Debug|Any CPU
		{9554EC08-2334-A5EE-6683-6CD736943122}.Debug|Any CPU.Build.0 = Debug|Any CPU
		{9554EC08-2334-A5EE-6683-6CD736943122}.Release|Any CPU.ActiveCfg = Release|Any CPU
		{9554EC08-2334-A5EE-6683-6CD736943122}.Release|Any CPU.Build.0 = Release|Any CPU
	EndGlobalSection
	GlobalSection(SolutionProperties) = preSolution
		HideSolutionNode = FALSE
	EndGlobalSection
EndGlobal
